
Microsoft Visual Studio Solution File, Format Version 11.00
# Visual Studio 2010
Project("{FAE04EC0-301F-11D3-BF4B-00C04F79EFBC}") = "UnityEngine.UI", "UnityEngine.UI.csproj", "{8dc6787c-ed94-5d21-58ea-d09bcc50c253}"
EndProject
Project("{FAE04EC0-301F-11D3-BF4B-00C04F79EFBC}") = "UnityEngine.TestRunner", "UnityEngine.TestRunner.csproj", "{0518dd1a-9546-662d-c621-ef2b8ad68196}"
EndProject
Project("{FAE04EC0-301F-11D3-BF4B-00C04F79EFBC}") = "Unity.VisualScripting.Flow", "Unity.VisualScripting.Flow.csproj", "{6c0c77b8-9e34-bb4e-897f-e6484a8f7d42}"
EndProject
Project("{FAE04EC0-301F-11D3-BF4B-00C04F79EFBC}") = "Unity.Mathematics", "Unity.Mathematics.csproj", "{22e7868d-77eb-021b-106f-9588be9ef7fe}"
EndProject
Project("{FAE04EC0-301F-11D3-BF4B-00C04F79EFBC}") = "Unity.VisualScripting.State", "Unity.VisualScripting.State.csproj", "{203c742f-1a97-8856-6eee-743827c0f22a}"
EndProject
Project("{FAE04EC0-301F-11D3-BF4B-00C04F79EFBC}") = "Unity.VisualScripting.Core", "Unity.VisualScripting.Core.csproj", "{bfb34f3b-30cd-c9d9-777d-bea45e979f07}"
EndProject
Project("{FAE04EC0-301F-11D3-BF4B-00C04F79EFBC}") = "Unity.Burst", "Unity.Burst.csproj", "{44f38744-3a96-5137-6c21-ed14c5456268}"
EndProject
Project("{FAE04EC0-301F-11D3-BF4B-00C04F79EFBC}") = "Unity.2D.Animation.Runtime", "Unity.2D.Animation.Runtime.csproj", "{5ffc5a52-5b7f-2497-82a2-a0e3f9d9eb63}"
EndProject
Project("{FAE04EC0-301F-11D3-BF4B-00C04F79EFBC}") = "Unity.TextMeshPro", "Unity.TextMeshPro.csproj", "{c06509e8-e047-2409-27b1-282ff0737466}"
EndProject
Project("{FAE04EC0-301F-11D3-BF4B-00C04F79EFBC}") = "Unity.Timeline", "Unity.Timeline.csproj", "{f77b0a84-e8b3-220d-89f9-6c1d8f06d001}"
EndProject
Project("{FAE04EC0-301F-11D3-BF4B-00C04F79EFBC}") = "Assembly-CSharp", "Assembly-CSharp.csproj", "{86c7facf-4c7f-a913-4eb4-2fbafde264f3}"
EndProject
Project("{FAE04EC0-301F-11D3-BF4B-00C04F79EFBC}") = "Unity.2D.SpriteShape.Runtime", "Unity.2D.SpriteShape.Runtime.csproj", "{2526fc62-0cf0-e743-1fbc-6d91521b0092}"
EndProject
Project("{FAE04EC0-301F-11D3-BF4B-00C04F79EFBC}") = "Unity.2D.PixelPerfect", "Unity.2D.PixelPerfect.csproj", "{86919e78-9a40-e6f6-fefc-bafe00507385}"
EndProject
Project("{FAE04EC0-301F-11D3-BF4B-00C04F79EFBC}") = "Unity.2D.Common.Runtime", "Unity.2D.Common.Runtime.csproj", "{bc0544fa-8443-4c7b-51a8-f57eb7f33080}"
EndProject
Project("{FAE04EC0-301F-11D3-BF4B-00C04F79EFBC}") = "Unity.2D.IK.Runtime", "Unity.2D.IK.Runtime.csproj", "{4c3b73c4-96b0-264a-4189-f4ac3a3d27ab}"
EndProject
Project("{FAE04EC0-301F-11D3-BF4B-00C04F79EFBC}") = "Unity.2D.Tilemap.Extras", "Unity.2D.Tilemap.Extras.csproj", "{66852be1-4df6-f8e6-424f-48573a9ea3d7}"
EndProject
Project("{FAE04EC0-301F-11D3-BF4B-00C04F79EFBC}") = "Unity.InternalAPIEngineBridge.001", "Unity.InternalAPIEngineBridge.001.csproj", "{beaf682e-824e-692c-3b73-bdb665fac293}"
EndProject
Project("{FAE04EC0-301F-11D3-BF4B-00C04F79EFBC}") = "Unity.PlasticSCM.Editor", "Unity.PlasticSCM.Editor.csproj", "{65e2923a-69a6-83ef-16a3-97ec3fbd5373}"
EndProject
Project("{FAE04EC0-301F-11D3-BF4B-00C04F79EFBC}") = "Unity.VisualScripting.Core.Editor", "Unity.VisualScripting.Core.Editor.csproj", "{deaaa4a2-6ab2-fd02-2eb6-7a64d0712534}"
EndProject
Project("{FAE04EC0-301F-11D3-BF4B-00C04F79EFBC}") = "Unity.VisualScripting.Flow.Editor", "Unity.VisualScripting.Flow.Editor.csproj", "{6a0627b2-c43e-aa06-f8f5-e0c059f89a7c}"
EndProject
Project("{FAE04EC0-301F-11D3-BF4B-00C04F79EFBC}") = "Unity.VisualStudio.Editor", "Unity.VisualStudio.Editor.csproj", "{a0f75360-7b07-cc15-f8b9-0a3424839271}"
EndProject
Project("{FAE04EC0-301F-11D3-BF4B-00C04F79EFBC}") = "Unity.Timeline.Editor", "Unity.Timeline.Editor.csproj", "{d7f35cd2-c5f8-90c1-c939-8046311d5855}"
EndProject
Project("{FAE04EC0-301F-11D3-BF4B-00C04F79EFBC}") = "Unity.VisualScripting.State.Editor", "Unity.VisualScripting.State.Editor.csproj", "{fd8098a0-133e-c47d-9653-9a50ed6f4fe1}"
EndProject
Project("{FAE04EC0-301F-11D3-BF4B-00C04F79EFBC}") = "Unity.TextMeshPro.Editor", "Unity.TextMeshPro.Editor.csproj", "{c78c68e7-57e0-eb45-cc03-a2bf42a2cb8f}"
EndProject
Project("{FAE04EC0-301F-11D3-BF4B-00C04F79EFBC}") = "Unity.2D.PixelPerfect.Editor", "Unity.2D.PixelPerfect.Editor.csproj", "{1d43159e-db77-e8ac-8e7f-4900c5a41c89}"
EndProject
Project("{FAE04EC0-301F-11D3-BF4B-00C04F79EFBC}") = "Unity.2D.Animation.Editor", "Unity.2D.Animation.Editor.csproj", "{14b40e91-4ce7-cdd9-23e5-dd4e0521c8be}"
EndProject
Project("{FAE04EC0-301F-11D3-BF4B-00C04F79EFBC}") = "Unity.VisualScripting.SettingsProvider.Editor", "Unity.VisualScripting.SettingsProvider.Editor.csproj", "{92080ffb-c8d3-24ad-94fe-bd0dbfa319ec}"
EndProject
Project("{FAE04EC0-301F-11D3-BF4B-00C04F79EFBC}") = "Unity.2D.Psdimporter.Editor", "Unity.2D.Psdimporter.Editor.csproj", "{f8828969-07f5-1caa-c58b-0a940999d223}"
EndProject
Project("{FAE04EC0-301F-11D3-BF4B-00C04F79EFBC}") = "UnityEditor.TestRunner", "UnityEditor.TestRunner.csproj", "{d1e3f691-fc3a-a2b6-70d0-a9558986a542}"
EndProject
Project("{FAE04EC0-301F-11D3-BF4B-00C04F79EFBC}") = "Unity.2D.Tilemap.Editor", "Unity.2D.Tilemap.Editor.csproj", "{7c94e435-4066-97ef-d4d8-8748faf6d515}"
EndProject
Project("{FAE04EC0-301F-11D3-BF4B-00C04F79EFBC}") = "Unity.Rider.Editor", "Unity.Rider.Editor.csproj", "{67056d35-9c19-8d9a-0897-ccdfb7f1178e}"
EndProject
Project("{FAE04EC0-301F-11D3-BF4B-00C04F79EFBC}") = "Unity.2D.Path.Editor", "Unity.2D.Path.Editor.csproj", "{e571776e-dbcb-c09c-a5ed-0f7d1e9488ee}"
EndProject
Project("{FAE04EC0-301F-11D3-BF4B-00C04F79EFBC}") = "PsdPlugin", "PsdPlugin.csproj", "{73660b3e-d8e1-6bca-b77d-9ef00cc0af5c}"
EndProject
Project("{FAE04EC0-301F-11D3-BF4B-00C04F79EFBC}") = "Unity.2D.IK.Editor", "Unity.2D.IK.Editor.csproj", "{36543103-0320-6357-5e43-0b0f829e51c1}"
EndProject
Project("{FAE04EC0-301F-11D3-BF4B-00C04F79EFBC}") = "Unity.2D.SpriteShape.Editor", "Unity.2D.SpriteShape.Editor.csproj", "{14085d93-258b-81db-87c1-bb5584e25c99}"
EndProject
Project("{FAE04EC0-301F-11D3-BF4B-00C04F79EFBC}") = "Unity.Burst.CodeGen", "Unity.Burst.CodeGen.csproj", "{95100bed-f531-8a9f-7ddf-f76e743f4ca7}"
EndProject
Project("{FAE04EC0-301F-11D3-BF4B-00C04F79EFBC}") = "Unity.VSCode.Editor", "Unity.VSCode.Editor.csproj", "{61104a98-8f2e-e9d9-98da-37d772ff7204}"
EndProject
Project("{FAE04EC0-301F-11D3-BF4B-00C04F79EFBC}") = "Unity.2D.Sprite.Editor", "Unity.2D.Sprite.Editor.csproj", "{530dbf2c-d4c6-dcc9-d0a1-3d180284e5dd}"
EndProject
Project("{FAE04EC0-301F-11D3-BF4B-00C04F79EFBC}") = "UnityEditor.UI", "UnityEditor.UI.csproj", "{b72ec4d0-c3a3-e4e5-a08d-c2e69cb5235c}"
EndProject
Project("{FAE04EC0-301F-11D3-BF4B-00C04F79EFBC}") = "Unity.2D.Common.Editor", "Unity.2D.Common.Editor.csproj", "{7c0127a1-7715-e1ec-11cc-25c8057ec2e8}"
EndProject
Project("{FAE04EC0-301F-11D3-BF4B-00C04F79EFBC}") = "Unity.CollabProxy.Editor", "Unity.CollabProxy.Editor.csproj", "{daeda2c8-d3bf-03d0-d724-6b4b83dc9dc9}"
EndProject
Project("{FAE04EC0-301F-11D3-BF4B-00C04F79EFBC}") = "Unity.Mathematics.Editor", "Unity.Mathematics.Editor.csproj", "{5775c100-e188-6c26-675e-ec40d51c735b}"
EndProject
Project("{FAE04EC0-301F-11D3-BF4B-00C04F79EFBC}") = "Unity.2D.Tilemap.Extras.Editor", "Unity.2D.Tilemap.Extras.Editor.csproj", "{2adf305c-3512-c87f-550b-9fb2c1ce2ae9}"
EndProject
Project("{FAE04EC0-301F-11D3-BF4B-00C04F79EFBC}") = "Unity.Burst.Editor", "Unity.Burst.Editor.csproj", "{27a0ca66-dd45-c590-2620-376c8c4bbce0}"
EndProject
Project("{FAE04EC0-301F-11D3-BF4B-00C04F79EFBC}") = "Unity.InternalAPIEditorBridge.001", "Unity.InternalAPIEditorBridge.001.csproj", "{d8300714-7eac-3835-56cd-1a4b774b6937}"
EndProject
Project("{FAE04EC0-301F-11D3-BF4B-00C04F79EFBC}") = "Unity.VisualScripting.Shared.Editor", "Unity.VisualScripting.Shared.Editor.csproj", "{dde5527c-c480-6c0f-6494-f10546b7721e}"
EndProject
Global
	GlobalSection(SolutionConfigurationPlatforms) = preSolution
		Debug|Any CPU = Debug|Any CPU
	EndGlobalSection
	GlobalSection(ProjectConfigurationPlatforms) = postSolution
		{8dc6787c-ed94-5d21-58ea-d09bcc50c253}.Debug|Any CPU.ActiveCfg = Debug|Any CPU
		{8dc6787c-ed94-5d21-58ea-d09bcc50c253}.Debug|Any CPU.Build.0 = Debug|Any CPU
		{0518dd1a-9546-662d-c621-ef2b8ad68196}.Debug|Any CPU.ActiveCfg = Debug|Any CPU
		{0518dd1a-9546-662d-c621-ef2b8ad68196}.Debug|Any CPU.Build.0 = Debug|Any CPU
		{6c0c77b8-9e34-bb4e-897f-e6484a8f7d42}.Debug|Any CPU.ActiveCfg = Debug|Any CPU
		{6c0c77b8-9e34-bb4e-897f-e6484a8f7d42}.Debug|Any CPU.Build.0 = Debug|Any CPU
		{22e7868d-77eb-021b-106f-9588be9ef7fe}.Debug|Any CPU.ActiveCfg = Debug|Any CPU
		{22e7868d-77eb-021b-106f-9588be9ef7fe}.Debug|Any CPU.Build.0 = Debug|Any CPU
		{203c742f-1a97-8856-6eee-743827c0f22a}.Debug|Any CPU.ActiveCfg = Debug|Any CPU
		{203c742f-1a97-8856-6eee-743827c0f22a}.Debug|Any CPU.Build.0 = Debug|Any CPU
		{bfb34f3b-30cd-c9d9-777d-bea45e979f07}.Debug|Any CPU.ActiveCfg = Debug|Any CPU
		{bfb34f3b-30cd-c9d9-777d-bea45e979f07}.Debug|Any CPU.Build.0 = Debug|Any CPU
		{44f38744-3a96-5137-6c21-ed14c5456268}.Debug|Any CPU.ActiveCfg = Debug|Any CPU
		{44f38744-3a96-5137-6c21-ed14c5456268}.Debug|Any CPU.Build.0 = Debug|Any CPU
		{5ffc5a52-5b7f-2497-82a2-a0e3f9d9eb63}.Debug|Any CPU.ActiveCfg = Debug|Any CPU
		{5ffc5a52-5b7f-2497-82a2-a0e3f9d9eb63}.Debug|Any CPU.Build.0 = Debug|Any CPU
		{c06509e8-e047-2409-27b1-282ff0737466}.Debug|Any CPU.ActiveCfg = Debug|Any CPU
		{c06509e8-e047-2409-27b1-282ff0737466}.Debug|Any CPU.Build.0 = Debug|Any CPU
		{f77b0a84-e8b3-220d-89f9-6c1d8f06d001}.Debug|Any CPU.ActiveCfg = Debug|Any CPU
		{f77b0a84-e8b3-220d-89f9-6c1d8f06d001}.Debug|Any CPU.Build.0 = Debug|Any CPU
		{86c7facf-4c7f-a913-4eb4-2fbafde264f3}.Debug|Any CPU.ActiveCfg = Debug|Any CPU
		{86c7facf-4c7f-a913-4eb4-2fbafde264f3}.Debug|Any CPU.Build.0 = Debug|Any CPU
		{2526fc62-0cf0-e743-1fbc-6d91521b0092}.Debug|Any CPU.ActiveCfg = Debug|Any CPU
		{2526fc62-0cf0-e743-1fbc-6d91521b0092}.Debug|Any CPU.Build.0 = Debug|Any CPU
		{86919e78-9a40-e6f6-fefc-bafe00507385}.Debug|Any CPU.ActiveCfg = Debug|Any CPU
		{86919e78-9a40-e6f6-fefc-bafe00507385}.Debug|Any CPU.Build.0 = Debug|Any CPU
		{bc0544fa-8443-4c7b-51a8-f57eb7f33080}.Debug|Any CPU.ActiveCfg = Debug|Any CPU
		{bc0544fa-8443-4c7b-51a8-f57eb7f33080}.Debug|Any CPU.Build.0 = Debug|Any CPU
		{4c3b73c4-96b0-264a-4189-f4ac3a3d27ab}.Debug|Any CPU.ActiveCfg = Debug|Any CPU
		{4c3b73c4-96b0-264a-4189-f4ac3a3d27ab}.Debug|Any CPU.Build.0 = Debug|Any CPU
		{66852be1-4df6-f8e6-424f-48573a9ea3d7}.Debug|Any CPU.ActiveCfg = Debug|Any CPU
		{66852be1-4df6-f8e6-424f-48573a9ea3d7}.Debug|Any CPU.Build.0 = Debug|Any CPU
		{beaf682e-824e-692c-3b73-bdb665fac293}.Debug|Any CPU.ActiveCfg = Debug|Any CPU
		{beaf682e-824e-692c-3b73-bdb665fac293}.Debug|Any CPU.Build.0 = Debug|Any CPU
		{65e2923a-69a6-83ef-16a3-97ec3fbd5373}.Debug|Any CPU.ActiveCfg = Debug|Any CPU
		{65e2923a-69a6-83ef-16a3-97ec3fbd5373}.Debug|Any CPU.Build.0 = Debug|Any CPU
		{deaaa4a2-6ab2-fd02-2eb6-7a64d0712534}.Debug|Any CPU.ActiveCfg = Debug|Any CPU
		{deaaa4a2-6ab2-fd02-2eb6-7a64d0712534}.Debug|Any CPU.Build.0 = Debug|Any CPU
		{6a0627b2-c43e-aa06-f8f5-e0c059f89a7c}.Debug|Any CPU.ActiveCfg = Debug|Any CPU
		{6a0627b2-c43e-aa06-f8f5-e0c059f89a7c}.Debug|Any CPU.Build.0 = Debug|Any CPU
		{a0f75360-7b07-cc15-f8b9-0a3424839271}.Debug|Any CPU.ActiveCfg = Debug|Any CPU
		{a0f75360-7b07-cc15-f8b9-0a3424839271}.Debug|Any CPU.Build.0 = Debug|Any CPU
		{d7f35cd2-c5f8-90c1-c939-8046311d5855}.Debug|Any CPU.ActiveCfg = Debug|Any CPU
		{d7f35cd2-c5f8-90c1-c939-8046311d5855}.Debug|Any CPU.Build.0 = Debug|Any CPU
		{fd8098a0-133e-c47d-9653-9a50ed6f4fe1}.Debug|Any CPU.ActiveCfg = Debug|Any CPU
		{fd8098a0-133e-c47d-9653-9a50ed6f4fe1}.Debug|Any CPU.Build.0 = Debug|Any CPU
		{c78c68e7-57e0-eb45-cc03-a2bf42a2cb8f}.Debug|Any CPU.ActiveCfg = Debug|Any CPU
		{c78c68e7-57e0-eb45-cc03-a2bf42a2cb8f}.Debug|Any CPU.Build.0 = Debug|Any CPU
		{1d43159e-db77-e8ac-8e7f-4900c5a41c89}.Debug|Any CPU.ActiveCfg = Debug|Any CPU
		{1d43159e-db77-e8ac-8e7f-4900c5a41c89}.Debug|Any CPU.Build.0 = Debug|Any CPU
		{14b40e91-4ce7-cdd9-23e5-dd4e0521c8be}.Debug|Any CPU.ActiveCfg = Debug|Any CPU
		{14b40e91-4ce7-cdd9-23e5-dd4e0521c8be}.Debug|Any CPU.Build.0 = Debug|Any CPU
		{92080ffb-c8d3-24ad-94fe-bd0dbfa319ec}.Debug|Any CPU.ActiveCfg = Debug|Any CPU
		{92080ffb-c8d3-24ad-94fe-bd0dbfa319ec}.Debug|Any CPU.Build.0 = Debug|Any CPU
		{f8828969-07f5-1caa-c58b-0a940999d223}.Debug|Any CPU.ActiveCfg = Debug|Any CPU
		{f8828969-07f5-1caa-c58b-0a940999d223}.Debug|Any CPU.Build.0 = Debug|Any CPU
		{d1e3f691-fc3a-a2b6-70d0-a9558986a542}.Debug|Any CPU.ActiveCfg = Debug|Any CPU
		{d1e3f691-fc3a-a2b6-70d0-a9558986a542}.Debug|Any CPU.Build.0 = Debug|Any CPU
		{7c94e435-4066-97ef-d4d8-8748faf6d515}.Debug|Any CPU.ActiveCfg = Debug|Any CPU
		{7c94e435-4066-97ef-d4d8-8748faf6d515}.Debug|Any CPU.Build.0 = Debug|Any CPU
		{67056d35-9c19-8d9a-0897-ccdfb7f1178e}.Debug|Any CPU.ActiveCfg = Debug|Any CPU
		{67056d35-9c19-8d9a-0897-ccdfb7f1178e}.Debug|Any CPU.Build.0 = Debug|Any CPU
		{e571776e-dbcb-c09c-a5ed-0f7d1e9488ee}.Debug|Any CPU.ActiveCfg = Debug|Any CPU
		{e571776e-dbcb-c09c-a5ed-0f7d1e9488ee}.Debug|Any CPU.Build.0 = Debug|Any CPU
		{73660b3e-d8e1-6bca-b77d-9ef00cc0af5c}.Debug|Any CPU.ActiveCfg = Debug|Any CPU
		{73660b3e-d8e1-6bca-b77d-9ef00cc0af5c}.Debug|Any CPU.Build.0 = Debug|Any CPU
		{36543103-0320-6357-5e43-0b0f829e51c1}.Debug|Any CPU.ActiveCfg = Debug|Any CPU
		{36543103-0320-6357-5e43-0b0f829e51c1}.Debug|Any CPU.Build.0 = Debug|Any CPU
		{14085d93-258b-81db-87c1-bb5584e25c99}.Debug|Any CPU.ActiveCfg = Debug|Any CPU
		{14085d93-258b-81db-87c1-bb5584e25c99}.Debug|Any CPU.Build.0 = Debug|Any CPU
		{95100bed-f531-8a9f-7ddf-f76e743f4ca7}.Debug|Any CPU.ActiveCfg = Debug|Any CPU
		{95100bed-f531-8a9f-7ddf-f76e743f4ca7}.Debug|Any CPU.Build.0 = Debug|Any CPU
		{61104a98-8f2e-e9d9-98da-37d772ff7204}.Debug|Any CPU.ActiveCfg = Debug|Any CPU
		{61104a98-8f2e-e9d9-98da-37d772ff7204}.Debug|Any CPU.Build.0 = Debug|Any CPU
		{530dbf2c-d4c6-dcc9-d0a1-3d180284e5dd}.Debug|Any CPU.ActiveCfg = Debug|Any CPU
		{530dbf2c-d4c6-dcc9-d0a1-3d180284e5dd}.Debug|Any CPU.Build.0 = Debug|Any CPU
		{b72ec4d0-c3a3-e4e5-a08d-c2e69cb5235c}.Debug|Any CPU.ActiveCfg = Debug|Any CPU
		{b72ec4d0-c3a3-e4e5-a08d-c2e69cb5235c}.Debug|Any CPU.Build.0 = Debug|Any CPU
		{7c0127a1-7715-e1ec-11cc-25c8057ec2e8}.Debug|Any CPU.ActiveCfg = Debug|Any CPU
		{7c0127a1-7715-e1ec-11cc-25c8057ec2e8}.Debug|Any CPU.Build.0 = Debug|Any CPU
		{daeda2c8-d3bf-03d0-d724-6b4b83dc9dc9}.Debug|Any CPU.ActiveCfg = Debug|Any CPU
		{daeda2c8-d3bf-03d0-d724-6b4b83dc9dc9}.Debug|Any CPU.Build.0 = Debug|Any CPU
		{5775c100-e188-6c26-675e-ec40d51c735b}.Debug|Any CPU.ActiveCfg = Debug|Any CPU
		{5775c100-e188-6c26-675e-ec40d51c735b}.Debug|Any CPU.Build.0 = Debug|Any CPU
		{2adf305c-3512-c87f-550b-9fb2c1ce2ae9}.Debug|Any CPU.ActiveCfg = Debug|Any CPU
		{2adf305c-3512-c87f-550b-9fb2c1ce2ae9}.Debug|Any CPU.Build.0 = Debug|Any CPU
		{27a0ca66-dd45-c590-2620-376c8c4bbce0}.Debug|Any CPU.ActiveCfg = Debug|Any CPU
		{27a0ca66-dd45-c590-2620-376c8c4bbce0}.Debug|Any CPU.Build.0 = Debug|Any CPU
		{d8300714-7eac-3835-56cd-1a4b774b6937}.Debug|Any CPU.ActiveCfg = Debug|Any CPU
		{d8300714-7eac-3835-56cd-1a4b774b6937}.Debug|Any CPU.Build.0 = Debug|Any CPU
		{dde5527c-c480-6c0f-6494-f10546b7721e}.Debug|Any CPU.ActiveCfg = Debug|Any CPU
		{dde5527c-c480-6c0f-6494-f10546b7721e}.Debug|Any CPU.Build.0 = Debug|Any CPU
	EndGlobalSection
	GlobalSection(SolutionProperties) = preSolution
		HideSolutionNode = FALSE
	EndGlobalSection
EndGlobal
